Microsoft Visual Studio Solution File, Format Version 12.00
# Visual Studio Version 17
VisualStudioVersion = 17.5.2.0
MinimumVisualStudioVersion = 10.0.40219.1
Project("{FAE04EC0-301F-11D3-BF4B-00C04F79EFBC}") = "MyWebsite", "MyWebsite\MyWebsite.csproj", "{0DDC39C7-1911-BE1B-2681-CDD18AA84777}"
EndProject
Global
	GlobalSection(SolutionConfigurationPlatforms) = preSolution
		Debug|Any CPU = Debug|Any CPU
		Release|Any CPU = Release|Any CPU
	EndGlobalSection
	GlobalSection(ProjectConfigurationPlatforms) = postSolution
		{0DDC39C7-1911-BE1B-2681-CDD18AA84777}.Debug|Any CPU.ActiveCfg = Debug|Any CPU
		{0DDC39C7-1911-BE1B-2681-CDD18AA84777}.Debug|Any CPU.Build.0 = Debug|Any CPU
		{0DDC39C7-1911-BE1B-2681-CDD18AA84777}.Release|Any CPU.ActiveCfg = Release|Any CPU
		{0DDC39C7-1911-BE1B-2681-CDD18AA84777}.Release|Any CPU.Build.0 = Release|Any CPU
	EndGlobalSection
	GlobalSection(SolutionProperties) = preSolution
		HideSolutionNode = FALSE
	EndGlobalSection
	GlobalSection(ExtensibilityGlobals) = postSolution
		SolutionGuid = {5B06A99B-9F1A-4FAB-B77A-4D7D0FF2CD8A}
	EndGlobalSection
EndGlobal
